// !$*UTF8*$!
{
	archiveVersion = 1;
	classes = {
	};
	objectVersion = 56;
	objects = {

/* Begin PBXBuildFile section */
		22A3D70DB28AEA122BCBD0F7 /* Pods_DovizTakip.framework in Frameworks */ = {isa = PBXBuildFile; fileRef = DB7A5F2DCA684710F6261A79 /* Pods_DovizTakip.framework */; };
		E533DCC8291C1A6B00344D27 /* RatesDetailModel.swift in Sources */ = {isa = PBXBuildFile; fileRef = E533DCC7291C1A6B00344D27 /* RatesDetailModel.swift */; };
		E535B37529A8153400E35983 /* WeeklyModel.swift in Sources */ = {isa = PBXBuildFile; fileRef = E535B37429A8153400E35983 /* WeeklyModel.swift */; };
		E5C157B729A7EF5800CF5D28 /* CurrencyDetailView.swift in Sources */ = {isa = PBXBuildFile; fileRef = E5C157B629A7EF5800CF5D28 /* CurrencyDetailView.swift */; };
		E5E96D352917BDBE00AB800F /* AppDelegate.swift in Sources */ = {isa = PBXBuildFile; fileRef = E5E96D342917BDBE00AB800F /* AppDelegate.swift */; };
		E5E96D372917BDBE00AB800F /* SceneDelegate.swift in Sources */ = {isa = PBXBuildFile; fileRef = E5E96D362917BDBE00AB800F /* SceneDelegate.swift */; };
		E5E96D392917BDBE00AB800F /* ViewController.swift in Sources */ = {isa = PBXBuildFile; fileRef = E5E96D382917BDBE00AB800F /* ViewController.swift */; };
		E5E96D3C2917BDBE00AB800F /* Main.storyboard in Resources */ = {isa = PBXBuildFile; fileRef = E5E96D3A2917BDBE00AB800F /* Main.storyboard */; };
		E5E96D3E2917BDC200AB800F /* Assets.xcassets in Resources */ = {isa = PBXBuildFile; fileRef = E5E96D3D2917BDC200AB800F /* Assets.xcassets */; };
		E5E96D412917BDC200AB800F /* LaunchScreen.storyboard in Resources */ = {isa = PBXBuildFile; fileRef = E5E96D3F2917BDC200AB800F /* LaunchScreen.storyboard */; };
		E5E96D492917C9F200AB800F /* GoogleService-Info.plist in Resources */ = {isa = PBXBuildFile; fileRef = E5E96D482917C9F200AB800F /* GoogleService-Info.plist */; };
		E5E96D4E29184ADF00AB800F /* RateCell.swift in Sources */ = {isa = PBXBuildFile; fileRef = E5E96D4D29184ADF00AB800F /* RateCell.swift */; };
		E5FE4EE0291D8ABA0022E28A /* NetworkCheck.swift in Sources */ = {isa = PBXBuildFile; fileRef = E5FE4EDF291D8ABA0022E28A /* NetworkCheck.swift */; };
/* End PBXBuildFile section */

/* Begin PBXFileReference section */
		127D8C410CE6CC413F6A1731 /* Pods-DovizTakip.release.xcconfig */ = {isa = PBXFileReference; includeInIndex = 1; lastKnownFileType = text.xcconfig; name = "Pods-DovizTakip.release.xcconfig"; path = "Target Support Files/Pods-DovizTakip/Pods-DovizTakip.release.xcconfig"; sourceTree = "<group>"; };
		40365EAF230BCE8257182802 /* Pods-DovizTakip.debug.xcconfig */ = {isa = PBXFileReference; includeInIndex = 1; lastKnownFileType = text.xcconfig; name = "Pods-DovizTakip.debug.xcconfig"; path = "Target Support Files/Pods-DovizTakip/Pods-DovizTakip.debug.xcconfig"; sourceTree = "<group>"; };
		DB7A5F2DCA684710F6261A79 /* Pods_DovizTakip.framework */ = {isa = PBXFileReference; explicitFileType = wrapper.framework; includeInIndex = 0; path = Pods_DovizTakip.framework; sourceTree = BUILT_PRODUCTS_DIR; };
		E533DCC7291C1A6B00344D27 /* RatesDetailModel.swift */ = {isa = PBXFileReference; lastKnownFileType = sourcecode.swift; path = RatesDetailModel.swift; sourceTree = "<group>"; };
		E535B37429A8153400E35983 /* WeeklyModel.swift */ = {isa = PBXFileReference; lastKnownFileType = sourcecode.swift; path = WeeklyModel.swift; sourceTree = "<group>"; };
		E5C157B629A7EF5800CF5D28 /* CurrencyDetailView.swift */ = {isa = PBXFileReference; lastKnownFileType = sourcecode.swift; path = CurrencyDetailView.swift; sourceTree = "<group>"; };
		E5E96D312917BDBE00AB800F /* DovizTakip.app */ = {isa = PBXFileReference; explicitFileType = wrapper.application; includeInIndex = 0; path = DovizTakip.app; sourceTree = BUILT_PRODUCTS_DIR; };
		E5E96D342917BDBE00AB800F /* AppDelegate.swift */ = {isa = PBXFileReference; lastKnownFileType = sourcecode.swift; path = AppDelegate.swift; sourceTree = "<group>"; };
		E5E96D362917BDBE00AB800F /* SceneDelegate.swift */ = {isa = PBXFileReference; lastKnownFileType = sourcecode.swift; path = SceneDelegate.swift; sourceTree = "<group>"; };
		E5E96D382917BDBE00AB800F /* ViewController.swift */ = {isa = PBXFileReference; lastKnownFileType = sourcecode.swift; path = ViewController.swift; sourceTree = "<group>"; };
		E5E96D3B2917BDBE00AB800F /* Base */ = {isa = PBXFileReference; lastKnownFileType = file.storyboard; name = Base; path = Base.lproj/Main.storyboard; sourceTree = "<group>"; };
		E5E96D3D2917BDC200AB800F /* Assets.xcassets */ = {isa = PBXFileReference; lastKnownFileType = folder.assetcatalog; path = Assets.xcassets; sourceTree = "<group>"; };
		E5E96D402917BDC200AB800F /* Base */ = {isa = PBXFileReference; lastKnownFileType = file.storyboard; name = Base; path = Base.lproj/LaunchScreen.storyboard; sourceTree = "<group>"; };
		E5E96D422917BDC200AB800F /* Info.plist */ = {isa = PBXFileReference; lastKnownFileType = text.plist.xml; path = Info.plist; sourceTree = "<group>"; };
		E5E96D482917C9F200AB800F /* GoogleService-Info.plist */ = {isa = PBXFileReference; fileEncoding = 4; lastKnownFileType = text.plist.xml; path = "GoogleService-Info.plist"; sourceTree = "<group>"; };
		E5E96D4D29184ADF00AB800F /* RateCell.swift */ = {isa = PBXFileReference; lastKnownFileType = sourcecode.swift; path = RateCell.swift; sourceTree = "<group>"; };
		E5FE4EDF291D8ABA0022E28A /* NetworkCheck.swift */ = {isa = PBXFileReference; lastKnownFileType = sourcecode.swift; path = NetworkCheck.swift; sourceTree = "<group>"; };
/* End PBXFileReference section */

/* Begin PBXFrameworksBuildPhase section */
		E5E96D2E2917BDBE00AB800F /* Frameworks */ = {
			isa = PBXFrameworksBuildPhase;
			buildActionMask = 2147483647;
			files = (
				22A3D70DB28AEA122BCBD0F7 /* Pods_DovizTakip.framework in Frameworks */,
			);
			runOnlyForDeploymentPostprocessing = 0;
		};
/* End PBXFrameworksBuildPhase section */

/* Begin PBXGroup section */
		3BEECC0DFD83EE8F7805C3DF /* Frameworks */ = {
			isa = PBXGroup;
			children = (
				DB7A5F2DCA684710F6261A79 /* Pods_DovizTakip.framework */,
			);
			name = Frameworks;
			sourceTree = "<group>";
		};
		AA3C0E18BE0FF34F768A98C4 /* Pods */ = {
			isa = PBXGroup;
			children = (
				40365EAF230BCE8257182802 /* Pods-DovizTakip.debug.xcconfig */,
				127D8C410CE6CC413F6A1731 /* Pods-DovizTakip.release.xcconfig */,
			);
			path = Pods;
			sourceTree = "<group>";
		};
		E5C157B329A7EEDC00CF5D28 /* Views */ = {
			isa = PBXGroup;
			children = (
				E5E96D382917BDBE00AB800F /* ViewController.swift */,
				E5C157B629A7EF5800CF5D28 /* CurrencyDetailView.swift */,
			);
			path = Views;
			sourceTree = "<group>";
		};
		E5E96D282917BDBE00AB800F = {
			isa = PBXGroup;
			children = (
				E5E96D332917BDBE00AB800F /* DovizTakip */,
				E5E96D322917BDBE00AB800F /* Products */,
				AA3C0E18BE0FF34F768A98C4 /* Pods */,
				3BEECC0DFD83EE8F7805C3DF /* Frameworks */,
			);
			sourceTree = "<group>";
		};
		E5E96D322917BDBE00AB800F /* Products */ = {
			isa = PBXGroup;
			children = (
				E5E96D312917BDBE00AB800F /* DovizTakip.app */,
			);
			name = Products;
			sourceTree = "<group>";
		};
		E5E96D332917BDBE00AB800F /* DovizTakip */ = {
			isa = PBXGroup;
			children = (
				E5FE4EDD291D89B30022E28A /* Models */,
				E5C157B329A7EEDC00CF5D28 /* Views */,
				E5FE4EDE291D8AA90022E28A /* Helpers */,
				E5E96D342917BDBE00AB800F /* AppDelegate.swift */,
				E5E96D362917BDBE00AB800F /* SceneDelegate.swift */,
				E5E96D3A2917BDBE00AB800F /* Main.storyboard */,
				E5E96D3D2917BDC200AB800F /* Assets.xcassets */,
				E5E96D3F2917BDC200AB800F /* LaunchScreen.storyboard */,
				E5E96D422917BDC200AB800F /* Info.plist */,
				E5E96D482917C9F200AB800F /* GoogleService-Info.plist */,
			);
			path = DovizTakip;
			sourceTree = "<group>";
		};
		E5FE4EDD291D89B30022E28A /* Models */ = {
			isa = PBXGroup;
			children = (
				E533DCC7291C1A6B00344D27 /* RatesDetailModel.swift */,
				E5E96D4D29184ADF00AB800F /* RateCell.swift */,
				E535B37429A8153400E35983 /* WeeklyModel.swift */,
			);
			path = Models;
			sourceTree = "<group>";
		};
		E5FE4EDE291D8AA90022E28A /* Helpers */ = {
			isa = PBXGroup;
			children = (
				E5FE4EDF291D8ABA0022E28A /* NetworkCheck.swift */,
			);
			path = Helpers;
			sourceTree = "<group>";
		};
/* End PBXGroup section */

/* Begin PBXNativeTarget section */
		E5E96D302917BDBE00AB800F /* DovizTakip */ = {
			isa = PBXNativeTarget;
			buildConfigurationList = E5E96D452917BDC200AB800F /* Build configuration list for PBXNativeTarget "DovizTakip" */;
			buildPhases = (
				F1BFDA4A9870426594D0C380 /* [CP] Check Pods Manifest.lock */,
				E5E96D2D2917BDBE00AB800F /* Sources */,
				E5E96D2E2917BDBE00AB800F /* Frameworks */,
				E5E96D2F2917BDBE00AB800F /* Resources */,
				9E4354D91EBFD942DC867076 /* [CP] Embed Pods Frameworks */,
			);
			buildRules = (
			);
			dependencies = (
			);
			name = DovizTakip;
			productName = DovizTakip;
			productReference = E5E96D312917BDBE00AB800F /* DovizTakip.app */;
			productType = "com.apple.product-type.application";
		};
/* End PBXNativeTarget section */

/* Begin PBXProject section */
		E5E96D292917BDBE00AB800F /* Project object */ = {
			isa = PBXProject;
			attributes = {
				BuildIndependentTargetsInParallel = 1;
				LastSwiftUpdateCheck = 1400;
				LastUpgradeCheck = 1400;
				TargetAttributes = {
					E5E96D302917BDBE00AB800F = {
						CreatedOnToolsVersion = 14.0.1;
					};
				};
			};
			buildConfigurationList = E5E96D2C2917BDBE00AB800F /* Build configuration list for PBXProject "DovizTakip" */;
			compatibilityVersion = "Xcode 14.0";
			developmentRegion = en;
			hasScannedForEncodings = 0;
			knownRegions = (
				en,
				Base,
			);
			mainGroup = E5E96D282917BDBE00AB800F;
			productRefGroup = E5E96D322917BDBE00AB800F /* Products */;
			projectDirPath = "";
			projectRoot = "";
			targets = (
				E5E96D302917BDBE00AB800F /* DovizTakip */,
			);
		};
/* End PBXProject section */

/* Begin PBXResourcesBuildPhase section */
		E5E96D2F2917BDBE00AB800F /* Resources */ = {
			isa = PBXResourcesBuildPhase;
			buildActionMask = 2147483647;
			files = (
				E5E96D412917BDC200AB800F /* LaunchScreen.storyboard in Resources */,
				E5E96D492917C9F200AB800F /* GoogleService-Info.plist in Resources */,
				E5E96D3E2917BDC200AB800F /* Assets.xcassets in Resources */,
				E5E96D3C2917BDBE00AB800F /* Main.storyboard in Resources */,
			);
			runOnlyForDeploymentPostprocessing = 0;
		};
/* End PBXResourcesBuildPhase section */

/* Begin PBXShellScriptBuildPhase section */
		9E4354D91EBFD942DC867076 /* [CP] Embed Pods Frameworks */ = {
			isa = PBXShellScriptBuildPhase;
			buildActionMask = 2147483647;
			files = (
			);
			inputFileListPaths = (
				"${PODS_ROOT}/Target Support Files/Pods-DovizTakip/Pods-DovizTakip-frameworks-${CONFIGURATION}-input-files.xcfilelist",
			);
			name = "[CP] Embed Pods Frameworks";
			outputFileListPaths = (
				"${PODS_ROOT}/Target Support Files/Pods-DovizTakip/Pods-DovizTakip-frameworks-${CONFIGURATION}-output-files.xcfilelist",
			);
			runOnlyForDeploymentPostprocessing = 0;
			shellPath = /bin/sh;
			shellScript = "\"${PODS_ROOT}/Target Support Files/Pods-DovizTakip/Pods-DovizTakip-frameworks.sh\"\n";
			showEnvVarsInLog = 0;
		};
		F1BFDA4A9870426594D0C380 /* [CP] Check Pods Manifest.lock */ = {
			isa = PBXShellScriptBuildPhase;
			buildActionMask = 2147483647;
			files = (
			);
			inputFileListPaths = (
			);
			inputPaths = (
				"${PODS_PODFILE_DIR_PATH}/Podfile.lock",
				"${PODS_ROOT}/Manifest.lock",
			);
			name = "[CP] Check Pods Manifest.lock";
			outputFileListPaths = (
			);
			outputPaths = (
				"$(DERIVED_FILE_DIR)/Pods-DovizTakip-checkManifestLockResult.txt",
			);
			runOnlyForDeploymentPostprocessing = 0;
			shellPath = /bin/sh;
			shellScript = "diff \"${PODS_PODFILE_DIR_PATH}/Podfile.lock\" \"${PODS_ROOT}/Manifest.lock\" > /dev/null\nif [ $? != 0 ] ; then\n    # print error to STDERR\n    echo \"error: The sandbox is not in sync with the Podfile.lock. Run 'pod install' or update your CocoaPods installation.\" >&2\n    exit 1\nfi\n# This output is used by Xcode 'outputs' to avoid re-running this script phase.\necho \"SUCCESS\" > \"${SCRIPT_OUTPUT_FILE_0}\"\n";
			showEnvVarsInLog = 0;
		};
/* End PBXShellScriptBuildPhase section */

/* Begin PBXSourcesBuildPhase section */
		E5E96D2D2917BDBE00AB800F /* Sources */ = {
			isa = PBXSourcesBuildPhase;
			buildActionMask = 2147483647;
			files = (
				E5E96D392917BDBE00AB800F /* ViewController.swift in Sources */,
				E533DCC8291C1A6B00344D27 /* RatesDetailModel.swift in Sources */,
				E5E96D4E29184ADF00AB800F /* RateCell.swift in Sources */,
				E5E96D352917BDBE00AB800F /* AppDelegate.swift in Sources */,
				E5C157B729A7EF5800CF5D28 /* CurrencyDetailView.swift in Sources */,
				E5E96D372917BDBE00AB800F /* SceneDelegate.swift in Sources */,
				E535B37529A8153400E35983 /* WeeklyModel.swift in Sources */,
				E5FE4EE0291D8ABA0022E28A /* NetworkCheck.swift in Sources */,
			);
			runOnlyForDeploymentPostprocessing = 0;
		};
/* End PBXSourcesBuildPhase section */

/* Begin PBXVariantGroup section */
		E5E96D3A2917BDBE00AB800F /* Main.storyboard */ = {
			isa = PBXVariantGroup;
			children = (
				E5E96D3B2917BDBE00AB800F /* Base */,
			);
			name = Main.storyboard;
			sourceTree = "<group>";
		};
		E5E96D3F2917BDC200AB800F /* LaunchScreen.storyboard */ = {
			isa = PBXVariantGroup;
			children = (
				E5E96D402917BDC200AB800F /* Base */,
			);
			name = LaunchScreen.storyboard;
			sourceTree = "<group>";
		};
/* End PBXVariantGroup section */

/* Begin XCBuildConfiguration section */
		E5E96D432917BDC200AB800F /* Debug */ = {
			isa = XCBuildConfiguration;
			buildSettings = {
				ALWAYS_SEARCH_USER_PATHS = NO;
				CLANG_ANALYZER_NONNULL = YES;
				CLANG_ANALYZER_NUMBER_OBJECT_CONVERSION = YES_AGGRESSIVE;
				CLANG_CXX_LANGUAGE_STANDARD = "gnu++20";
				CLANG_ENABLE_MODULES = YES;
				CLANG_ENABLE_OBJC_ARC = YES;
				CLANG_ENABLE_OBJC_WEAK = YES;
				CLANG_WARN_BLOCK_CAPTURE_AUTORELEASING = YES;
				CLANG_WARN_BOOL_CONVERSION = YES;
				CLANG_WARN_COMMA = YES;
				CLANG_WARN_CONSTANT_CONVERSION = YES;
				CLANG_WARN_DEPRECATED_OBJC_IMPLEMENTATIONS = YES;
				CLANG_WARN_DIRECT_OBJC_ISA_USAGE = YES_ERROR;
				CLANG_WARN_DOCUMENTATION_COMMENTS = YES;
				CLANG_WARN_EMPTY_BODY = YES;
				CLANG_WARN_ENUM_CONVERSION = YES;
				CLANG_WARN_INFINITE_RECURSION = YES;
				CLANG_WARN_INT_CONVERSION = YES;
				CLANG_WARN_NON_LITERAL_NULL_CONVERSION = YES;
				CLANG_WARN_OBJC_IMPLICIT_RETAIN_SELF = YES;
				CLANG_WARN_OBJC_LITERAL_CONVERSION = YES;
				CLANG_WARN_OBJC_ROOT_CLASS = YES_ERROR;
				CLANG_WARN_QUOTED_INCLUDE_IN_FRAMEWORK_HEADER = YES;
				CLANG_WARN_RANGE_LOOP_ANALYSIS = YES;
				CLANG_WARN_STRICT_PROTOTYPES = YES;
				CLANG_WARN_SUSPICIOUS_MOVE = YES;
				CLANG_WARN_UNGUARDED_AVAILABILITY = YES_AGGRESSIVE;
				CLANG_WARN_UNREACHABLE_CODE = YES;
				CLANG_WARN__DUPLICATE_METHOD_MATCH = YES;
				COPY_PHASE_STRIP = NO;
				DEBUG_INFORMATION_FORMAT = dwarf;
				ENABLE_STRICT_OBJC_MSGSEND = YES;
				ENABLE_TESTABILITY = YES;
				GCC_C_LANGUAGE_STANDARD = gnu11;
				GCC_DYNAMIC_NO_PIC = NO;
				GCC_NO_COMMON_BLOCKS = YES;
				GCC_OPTIMIZATION_LEVEL = 0;
				GCC_PREPROCESSOR_DEFINITIONS = (
					"DEBUG=1",
					"$(inherited)",
				);
				GCC_WARN_64_TO_32_BIT_CONVERSION = YES;
				GCC_WARN_ABOUT_RETURN_TYPE = YES_ERROR;
				GCC_WARN_UNDECLARED_SELECTOR = YES;
				GCC_WARN_UNINITIALIZED_AUTOS = YES_AGGRESSIVE;
				GCC_WARN_UNUSED_FUNCTION = YES;
				GCC_WARN_UNUSED_VARIABLE = YES;
				IPHONEOS_DEPLOYMENT_TARGET = 16.0;
				MTL_ENABLE_DEBUG_INFO = INCLUDE_SOURCE;
				MTL_FAST_MATH = YES;
				ONLY_ACTIVE_ARCH = YES;
				SDKROOT = iphoneos;
				SWIFT_ACTIVE_COMPILATION_CONDITIONS = DEBUG;
				SWIFT_OPTIMIZATION_LEVEL = "-Onone";
			};
			name = Debug;
		};
		E5E96D442917BDC200AB800F /* Release */ = {
			isa = XCBuildConfiguration;
			buildSettings = {
				ALWAYS_SEARCH_USER_PATHS = NO;
				CLANG_ANALYZER_NONNULL = YES;
				CLANG_ANALYZER_NUMBER_OBJECT_CONVERSION = YES_AGGRESSIVE;
				CLANG_CXX_LANGUAGE_STANDARD = "gnu++20";
				CLANG_ENABLE_MODULES = YES;
				CLANG_ENABLE_OBJC_ARC = YES;
				CLANG_ENABLE_OBJC_WEAK = YES;
				CLANG_WARN_BLOCK_CAPTURE_AUTORELEASING = YES;
				CLANG_WARN_BOOL_CONVERSION = YES;
				CLANG_WARN_COMMA = YES;
				CLANG_WARN_CONSTANT_CONVERSION = YES;
				CLANG_WARN_DEPRECATED_OBJC_IMPLEMENTATIONS = YES;
				CLANG_WARN_DIRECT_OBJC_ISA_USAGE = YES_ERROR;
				CLANG_WARN_DOCUMENTATION_COMMENTS = YES;
				CLANG_WARN_EMPTY_BODY = YES;
				CLANG_WARN_ENUM_CONVERSION = YES;
				CLANG_WARN_INFINITE_RECURSION = YES;
				CLANG_WARN_INT_CONVERSION = YES;
				CLANG_WARN_NON_LITERAL_NULL_CONVERSION = YES;
				CLANG_WARN_OBJC_IMPLICIT_RETAIN_SELF = YES;
				CLANG_WARN_OBJC_LITERAL_CONVERSION = YES;
				CLANG_WARN_OBJC_ROOT_CLASS = YES_ERROR;
				CLANG_WARN_QUOTED_INCLUDE_IN_FRAMEWORK_HEADER = YES;
				CLANG_WARN_RANGE_LOOP_ANALYSIS = YES;
				CLANG_WARN_STRICT_PROTOTYPES = YES;
				CLANG_WARN_SUSPICIOUS_MOVE = YES;
				CLANG_WARN_UNGUARDED_AVAILABILITY = YES_AGGRESSIVE;
				CLANG_WARN_UNREACHABLE_CODE = YES;
				CLANG_WARN__DUPLICATE_METHOD_MATCH = YES;
				COPY_PHASE_STRIP = NO;
				DEBUG_INFORMATION_FORMAT = "dwarf-with-dsym";
				ENABLE_NS_ASSERTIONS = NO;
				ENABLE_STRICT_OBJC_MSGSEND = YES;
				GCC_C_LANGUAGE_STANDARD = gnu11;
				GCC_NO_COMMON_BLOCKS = YES;
				GCC_WARN_64_TO_32_BIT_CONVERSION = YES;
				GCC_WARN_ABOUT_RETURN_TYPE = YES_ERROR;
				GCC_WARN_UNDECLARED_SELECTOR = YES;
				GCC_WARN_UNINITIALIZED_AUTOS = YES_AGGRESSIVE;
				GCC_WARN_UNUSED_FUNCTION = YES;
				GCC_WARN_UNUSED_VARIABLE = YES;
				IPHONEOS_DEPLOYMENT_TARGET = 16.0;
				MTL_ENABLE_DEBUG_INFO = NO;
				MTL_FAST_MATH = YES;
				SDKROOT = iphoneos;
				SWIFT_COMPILATION_MODE = wholemodule;
				SWIFT_OPTIMIZATION_LEVEL = "-O";
				VALIDATE_PRODUCT = YES;
			};
			name = Release;
		};
		E5E96D462917BDC200AB800F /* Debug */ = {
			isa = XCBuildConfiguration;
			baseConfigurationReference = 40365EAF230BCE8257182802 /* Pods-DovizTakip.debug.xcconfig */;
			buildSettings = {
				ASSETCATALOG_COMPILER_APPICON_NAME = AppIcon;
				ASSETCATALOG_COMPILER_GLOBAL_ACCENT_COLOR_NAME = AccentColor;
				CODE_SIGN_STYLE = Automatic;
				CURRENT_PROJECT_VERSION = 1;
				DEVELOPMENT_TEAM = 6ANXC2X4PY;
				GENERATE_INFOPLIST_FILE = YES;
				INFOPLIST_FILE = DovizTakip/Info.plist;
				INFOPLIST_KEY_UIApplicationSupportsIndirectInputEvents = YES;
				INFOPLIST_KEY_UILaunchStoryboardName = LaunchScreen;
				INFOPLIST_KEY_UIMainStoryboardFile = Main;
				INFOPLIST_KEY_UISupportedInterfaceOrientations_iPad = "UIInterfaceOrientationPortrait UIInterfaceOrientationPortraitUpsideDown UIInterfaceOrientationLandscapeLeft UIInterfaceOrientationLandscapeRight";
				INFOPLIST_KEY_UISupportedInterfaceOrientations_iPhone = "UIInterfaceOrientationPortrait UIInterfaceOrientationLandscapeLeft UIInterfaceOrientationLandscapeRight";
				IPHONEOS_DEPLOYMENT_TARGET = 13.0;
				LD_RUNPATH_SEARCH_PATHS = (
					"$(inherited)",
					"@executable_path/Frameworks",
				);
				MARKETING_VERSION = 1.0;
				PRODUCT_BUNDLE_IDENTIFIER = com.sezerturkdal.DovizTakip;
				PRODUCT_NAME = "$(TARGET_NAME)";
				SWIFT_EMIT_LOC_STRINGS = YES;
				SWIFT_VERSION = 5.0;
				TARGETED_DEVICE_FAMILY = "1,2";
			};
			name = Debug;
		};
		E5E96D472917BDC200AB800F /* Release */ = {
			isa = XCBuildConfiguration;
			baseConfigurationReference = 127D8C410CE6CC413F6A1731 /* Pods-DovizTakip.release.xcconfig */;
			buildSettings = {
				ASSETCATALOG_COMPILER_APPICON_NAME = AppIcon;
				ASSETCATALOG_COMPILER_GLOBAL_ACCENT_COLOR_NAME = AccentColor;
				CODE_SIGN_STYLE = Automatic;
				CURRENT_PROJECT_VERSION = 1;
				DEVELOPMENT_TEAM = 6ANXC2X4PY;
				GENERATE_INFOPLIST_FILE = YES;
				INFOPLIST_FILE = DovizTakip/Info.plist;
				INFOPLIST_KEY_UIApplicationSupportsIndirectInputEvents = YES;
				INFOPLIST_KEY_UILaunchStoryboardName = LaunchScreen;
				INFOPLIST_KEY_UIMainStoryboardFile = Main;
				INFOPLIST_KEY_UISupportedInterfaceOrientations_iPad = "UIInterfaceOrientationPortrait UIInterfaceOrientationPortraitUpsideDown UIInterfaceOrientationLandscapeLeft UIInterfaceOrientationLandscapeRight";
				INFOPLIST_KEY_UISupportedInterfaceOrientations_iPhone = "UIInterfaceOrientationPortrait UIInterfaceOrientationLandscapeLeft UIInterfaceOrientationLandscapeRight";
				IPHONEOS_DEPLOYMENT_TARGET = 13.0;
				LD_RUNPATH_SEARCH_PATHS = (
					"$(inherited)",
					"@executable_path/Frameworks",
				);
				MARKETING_VERSION = 1.0;
				PRODUCT_BUNDLE_IDENTIFIER = com.sezerturkdal.DovizTakip;
				PRODUCT_NAME = "$(TARGET_NAME)";
				SWIFT_EMIT_LOC_STRINGS = YES;
				SWIFT_VERSION = 5.0;
				TARGETED_DEVICE_FAMILY = "1,2";
			};
			name = Release;
		};
/* End XCBuildConfiguration section */

/* Begin XCConfigurationList section */
		E5E96D2C2917BDBE00AB800F /* Build configuration list for PBXProject "DovizTakip" */ = {
			isa = XCConfigurationList;
			buildConfigurations = (
				E5E96D432917BDC200AB800F /* Debug */,
				E5E96D442917BDC200AB800F /* Release */,
			);
			defaultConfigurationIsVisible = 0;
			defaultConfigurationName = Release;
		};
		E5E96D452917BDC200AB800F /* Build configuration list for PBXNativeTarget "DovizTakip" */ = {
			isa = XCConfigurationList;
			buildConfigurations = (
				E5E96D462917BDC200AB800F /* Debug */,
				E5E96D472917BDC200AB800F /* Release */,
			);
			defaultConfigurationIsVisible = 0;
			defaultConfigurationName = Release;
		};
/* End XCConfigurationList section */
	};
	rootObject = E5E96D292917BDBE00AB800F /* Project object */;
}
